
Microsoft Visual Studio Solution File, Format Version 12.00
# Visual Studio Version 17
VisualStudioVersion = 17.9.34728.123
MinimumVisualStudioVersion = 10.0.40219.1
Project("{FAE04EC0-301F-11D3-BF4B-00C04F79EFBC}") = "Botafe", "Botafe\Botafe.csproj", "{033EF0C2-BC85-4EB9-84E3-80B0341ED324}"
EndProject
Global
	GlobalSection(SolutionConfigurationPlatforms) = preSolution
		Debug|Any CPU = Debug|Any CPU
		Release|Any CPU = Release|Any CPU
	EndGlobalSection
	GlobalSection(ProjectConfigurationPlatforms) = postSolution
		{033EF0C2-BC85-4EB9-84E3-80B0341ED324}.Debug|Any CPU.ActiveCfg = Debug|Any CPU
		{033EF0C2-BC85-4EB9-84E3-80B0341ED324}.Debug|Any CPU.Build.0 = Debug|Any CPU
		{033EF0C2-BC85-4EB9-84E3-80B0341ED324}.Release|Any CPU.ActiveCfg = Release|Any CPU
		{033EF0C2-BC85-4EB9-84E3-80B0341ED324}.Release|Any CPU.Build.0 = Release|Any CPU
	EndGlobalSection
	GlobalSection(SolutionProperties) = preSolution
		HideSolutionNode = FALSE
	EndGlobalSection
	GlobalSection(ExtensibilityGlobals) = postSolution
		SolutionGuid = {EBE67010-6CD2-40D6-A4E8-EB6DE3E9EC83}
	EndGlobalSection
EndGlobal
